// !$*UTF8*$!
{
	archiveVersion = 1;
	classes = {
	};
	objectVersion = 56;
	objects = {

/* Begin PBXBuildFile section */
		F34B6A9A2AF57F0F003D7E9D /* MovieCollectionViewCell.xib in Resources */ = {isa = PBXBuildFile; fileRef = F34B6A982AF57F0F003D7E9D /* MovieCollectionViewCell.xib */; };
		F34B6A9C2AF9B2B2003D7E9D /* TableViewAndCollectionView_ViewController.swift in Sources */ = {isa = PBXBuildFile; fileRef = F34B6A9B2AF9B2B2003D7E9D /* TableViewAndCollectionView_ViewController.swift */; };
		F34B6A9E2AF9B409003D7E9D /* MovieTableViewCell.swift in Sources */ = {isa = PBXBuildFile; fileRef = F34B6A9D2AF9B409003D7E9D /* MovieTableViewCell.swift */; };
		F3791F732AF3115800B83B10 /* AppDelegate.swift in Sources */ = {isa = PBXBuildFile; fileRef = F3791F722AF3115800B83B10 /* AppDelegate.swift */; };
		F3791F752AF3115800B83B10 /* SceneDelegate.swift in Sources */ = {isa = PBXBuildFile; fileRef = F3791F742AF3115800B83B10 /* SceneDelegate.swift */; };
		F3791F772AF3115800B83B10 /* ViewController.swift in Sources */ = {isa = PBXBuildFile; fileRef = F3791F762AF3115800B83B10 /* ViewController.swift */; };
		F3791F7A2AF3115800B83B10 /* Main.storyboard in Resources */ = {isa = PBXBuildFile; fileRef = F3791F782AF3115800B83B10 /* Main.storyboard */; };
		F3791F7C2AF3115A00B83B10 /* Assets.xcassets in Resources */ = {isa = PBXBuildFile; fileRef = F3791F7B2AF3115A00B83B10 /* Assets.xcassets */; };
		F3791F7F2AF3115A00B83B10 /* LaunchScreen.storyboard in Resources */ = {isa = PBXBuildFile; fileRef = F3791F7D2AF3115A00B83B10 /* LaunchScreen.storyboard */; };
		F3791F8A2AF3115B00B83B10 /* CollectionViewaTests.swift in Sources */ = {isa = PBXBuildFile; fileRef = F3791F892AF3115B00B83B10 /* CollectionViewaTests.swift */; };
		F3791F942AF3115B00B83B10 /* CollectionViewaUITests.swift in Sources */ = {isa = PBXBuildFile; fileRef = F3791F932AF3115B00B83B10 /* CollectionViewaUITests.swift */; };
		F3791F962AF3115B00B83B10 /* CollectionViewaUITestsLaunchTests.swift in Sources */ = {isa = PBXBuildFile; fileRef = F3791F952AF3115B00B83B10 /* CollectionViewaUITestsLaunchTests.swift */; };
		F3791FA62AF3124600B83B10 /* Movie.swift in Sources */ = {isa = PBXBuildFile; fileRef = F3791FA52AF3124600B83B10 /* Movie.swift */; };
		F3791FA92AF3127000B83B10 /* UIView+App.swift in Sources */ = {isa = PBXBuildFile; fileRef = F3791FA82AF3127000B83B10 /* UIView+App.swift */; };
/* End PBXBuildFile section */

/* Begin PBXContainerItemProxy section */
		F3791F862AF3115B00B83B10 /* PBXContainerItemProxy */ = {
			isa = PBXContainerItemProxy;
			containerPortal = F3791F672AF3115800B83B10 /* Project object */;
			proxyType = 1;
			remoteGlobalIDString = F3791F6E2AF3115800B83B10;
			remoteInfo = CollectionViewa;
		};
		F3791F902AF3115B00B83B10 /* PBXContainerItemProxy */ = {
			isa = PBXContainerItemProxy;
			containerPortal = F3791F672AF3115800B83B10 /* Project object */;
			proxyType = 1;
			remoteGlobalIDString = F3791F6E2AF3115800B83B10;
			remoteInfo = CollectionViewa;
		};
/* End PBXContainerItemProxy section */

/* Begin PBXFileReference section */
		F34B6A982AF57F0F003D7E9D /* MovieCollectionViewCell.xib */ = {isa = PBXFileReference; lastKnownFileType = file.xib; path = MovieCollectionViewCell.xib; sourceTree = "<group>"; };
		F34B6A9B2AF9B2B2003D7E9D /* TableViewAndCollectionView_ViewController.swift */ = {isa = PBXFileReference; lastKnownFileType = sourcecode.swift; path = TableViewAndCollectionView_ViewController.swift; sourceTree = "<group>"; };
		F34B6A9D2AF9B409003D7E9D /* MovieTableViewCell.swift */ = {isa = PBXFileReference; lastKnownFileType = sourcecode.swift; path = MovieTableViewCell.swift; sourceTree = "<group>"; };
		F3791F6F2AF3115800B83B10 /* CollectionViewa.app */ = {isa = PBXFileReference; explicitFileType = wrapper.application; includeInIndex = 0; path = CollectionViewa.app; sourceTree = BUILT_PRODUCTS_DIR; };
		F3791F722AF3115800B83B10 /* AppDelegate.swift */ = {isa = PBXFileReference; lastKnownFileType = sourcecode.swift; path = AppDelegate.swift; sourceTree = "<group>"; };
		F3791F742AF3115800B83B10 /* SceneDelegate.swift */ = {isa = PBXFileReference; lastKnownFileType = sourcecode.swift; path = SceneDelegate.swift; sourceTree = "<group>"; };
		F3791F762AF3115800B83B10 /* ViewController.swift */ = {isa = PBXFileReference; lastKnownFileType = sourcecode.swift; path = ViewController.swift; sourceTree = "<group>"; };
		F3791F792AF3115800B83B10 /* Base */ = {isa = PBXFileReference; lastKnownFileType = file.storyboard; name = Base; path = Base.lproj/Main.storyboard; sourceTree = "<group>"; };
		F3791F7B2AF3115A00B83B10 /* Assets.xcassets */ = {isa = PBXFileReference; lastKnownFileType = folder.assetcatalog; path = Assets.xcassets; sourceTree = "<group>"; };
		F3791F7E2AF3115A00B83B10 /* Base */ = {isa = PBXFileReference; lastKnownFileType = file.storyboard; name = Base; path = Base.lproj/LaunchScreen.storyboard; sourceTree = "<group>"; };
		F3791F802AF3115A00B83B10 /* Info.plist */ = {isa = PBXFileReference; lastKnownFileType = text.plist.xml; path = Info.plist; sourceTree = "<group>"; };
		F3791F852AF3115B00B83B10 /* CollectionViewaTests.xctest */ = {isa = PBXFileReference; explicitFileType = wrapper.cfbundle; includeInIndex = 0; path = CollectionViewaTests.xctest; sourceTree = BUILT_PRODUCTS_DIR; };
		F3791F892AF3115B00B83B10 /* CollectionViewaTests.swift */ = {isa = PBXFileReference; lastKnownFileType = sourcecode.swift; path = CollectionViewaTests.swift; sourceTree = "<group>"; };
		F3791F8F2AF3115B00B83B10 /* CollectionViewaUITests.xctest */ = {isa = PBXFileReference; explicitFileType = wrapper.cfbundle; includeInIndex = 0; path = CollectionViewaUITests.xctest; sourceTree = BUILT_PRODUCTS_DIR; };
		F3791F932AF3115B00B83B10 /* CollectionViewaUITests.swift */ = {isa = PBXFileReference; lastKnownFileType = sourcecode.swift; path = CollectionViewaUITests.swift; sourceTree = "<group>"; };
		F3791F952AF3115B00B83B10 /* CollectionViewaUITestsLaunchTests.swift */ = {isa = PBXFileReference; lastKnownFileType = sourcecode.swift; path = CollectionViewaUITestsLaunchTests.swift; sourceTree = "<group>"; };
		F3791FA52AF3124600B83B10 /* Movie.swift */ = {isa = PBXFileReference; lastKnownFileType = sourcecode.swift; path = Movie.swift; sourceTree = "<group>"; };
		F3791FA82AF3127000B83B10 /* UIView+App.swift */ = {isa = PBXFileReference; lastKnownFileType = sourcecode.swift; path = "UIView+App.swift"; sourceTree = "<group>"; };
/* End PBXFileReference section */

/* Begin PBXFrameworksBuildPhase section */
		F3791F6C2AF3115800B83B10 /* Frameworks */ = {
			isa = PBXFrameworksBuildPhase;
			buildActionMask = 2147483647;
			files = (
			);
			runOnlyForDeploymentPostprocessing = 0;
		};
		F3791F822AF3115B00B83B10 /* Frameworks */ = {
			isa = PBXFrameworksBuildPhase;
			buildActionMask = 2147483647;
			files = (
			);
			runOnlyForDeploymentPostprocessing = 0;
		};
		F3791F8C2AF3115B00B83B10 /* Frameworks */ = {
			isa = PBXFrameworksBuildPhase;
			buildActionMask = 2147483647;
			files = (
			);
			runOnlyForDeploymentPostprocessing = 0;
		};
/* End PBXFrameworksBuildPhase section */

/* Begin PBXGroup section */
		F3791F662AF3115800B83B10 = {
			isa = PBXGroup;
			children = (
				F3791F712AF3115800B83B10 /* CollectionViewa */,
				F3791F882AF3115B00B83B10 /* CollectionViewaTests */,
				F3791F922AF3115B00B83B10 /* CollectionViewaUITests */,
				F3791F702AF3115800B83B10 /* Products */,
			);
			sourceTree = "<group>";
		};
		F3791F702AF3115800B83B10 /* Products */ = {
			isa = PBXGroup;
			children = (
				F3791F6F2AF3115800B83B10 /* CollectionViewa.app */,
				F3791F852AF3115B00B83B10 /* CollectionViewaTests.xctest */,
				F3791F8F2AF3115B00B83B10 /* CollectionViewaUITests.xctest */,
			);
			name = Products;
			sourceTree = "<group>";
		};
		F3791F712AF3115800B83B10 /* CollectionViewa */ = {
			isa = PBXGroup;
			children = (
				F3791F722AF3115800B83B10 /* AppDelegate.swift */,
				F3791F742AF3115800B83B10 /* SceneDelegate.swift */,
				F3791FAA2AF312A800B83B10 /* Common */,
				F3791FA32AF3122A00B83B10 /* Model */,
				F3791FA42AF3123100B83B10 /* View */,
				F3791FA22AF3122300B83B10 /* Controller */,
				F3791F7B2AF3115A00B83B10 /* Assets.xcassets */,
				F3791F7D2AF3115A00B83B10 /* LaunchScreen.storyboard */,
				F3791F802AF3115A00B83B10 /* Info.plist */,
			);
			path = CollectionViewa;
			sourceTree = "<group>";
		};
		F3791F882AF3115B00B83B10 /* CollectionViewaTests */ = {
			isa = PBXGroup;
			children = (
				F3791F892AF3115B00B83B10 /* CollectionViewaTests.swift */,
			);
			path = CollectionViewaTests;
			sourceTree = "<group>";
		};
		F3791F922AF3115B00B83B10 /* CollectionViewaUITests */ = {
			isa = PBXGroup;
			children = (
				F3791F932AF3115B00B83B10 /* CollectionViewaUITests.swift */,
				F3791F952AF3115B00B83B10 /* CollectionViewaUITestsLaunchTests.swift */,
			);
			path = CollectionViewaUITests;
			sourceTree = "<group>";
		};
		F3791FA22AF3122300B83B10 /* Controller */ = {
			isa = PBXGroup;
			children = (
				F3791F762AF3115800B83B10 /* ViewController.swift */,
			);
			path = Controller;
			sourceTree = "<group>";
		};
		F3791FA32AF3122A00B83B10 /* Model */ = {
			isa = PBXGroup;
			children = (
				F3791FA52AF3124600B83B10 /* Movie.swift */,
			);
			path = Model;
			sourceTree = "<group>";
		};
		F3791FA42AF3123100B83B10 /* View */ = {
			isa = PBXGroup;
			children = (
				F3791F782AF3115800B83B10 /* Main.storyboard */,
				F34B6A982AF57F0F003D7E9D /* MovieCollectionViewCell.xib */,
				F34B6A9B2AF9B2B2003D7E9D /* TableViewAndCollectionView_ViewController.swift */,
				F34B6A9D2AF9B409003D7E9D /* MovieTableViewCell.swift */,
			);
			path = View;
			sourceTree = "<group>";
		};
		F3791FA72AF3126100B83B10 /* Extensions */ = {
			isa = PBXGroup;
			children = (
				F3791FA82AF3127000B83B10 /* UIView+App.swift */,
			);
			path = Extensions;
			sourceTree = "<group>";
		};
		F3791FAA2AF312A800B83B10 /* Common */ = {
			isa = PBXGroup;
			children = (
				F3791FA72AF3126100B83B10 /* Extensions */,
			);
			path = Common;
			sourceTree = "<group>";
		};
/* End PBXGroup section */

/* Begin PBXNativeTarget section */
		F3791F6E2AF3115800B83B10 /* CollectionViewa */ = {
			isa = PBXNativeTarget;
			buildConfigurationList = F3791F992AF3115B00B83B10 /* Build configuration list for PBXNativeTarget "CollectionViewa" */;
			buildPhases = (
				F3791F6B2AF3115800B83B10 /* Sources */,
				F3791F6C2AF3115800B83B10 /* Frameworks */,
				F3791F6D2AF3115800B83B10 /* Resources */,
			);
			buildRules = (
			);
			dependencies = (
			);
			name = CollectionViewa;
			productName = CollectionViewa;
			productReference = F3791F6F2AF3115800B83B10 /* CollectionViewa.app */;
			productType = "com.apple.product-type.application";
		};
		F3791F842AF3115B00B83B10 /* CollectionViewaTests */ = {
			isa = PBXNativeTarget;
			buildConfigurationList = F3791F9C2AF3115B00B83B10 /* Build configuration list for PBXNativeTarget "CollectionViewaTests" */;
			buildPhases = (
				F3791F812AF3115B00B83B10 /* Sources */,
				F3791F822AF3115B00B83B10 /* Frameworks */,
				F3791F832AF3115B00B83B10 /* Resources */,
			);
			buildRules = (
			);
			dependencies = (
				F3791F872AF3115B00B83B10 /* PBXTargetDependency */,
			);
			name = CollectionViewaTests;
			productName = CollectionViewaTests;
			productReference = F3791F852AF3115B00B83B10 /* CollectionViewaTests.xctest */;
			productType = "com.apple.product-type.bundle.unit-test";
		};
		F3791F8E2AF3115B00B83B10 /* CollectionViewaUITests */ = {
			isa = PBXNativeTarget;
			buildConfigurationList = F3791F9F2AF3115B00B83B10 /* Build configuration list for PBXNativeTarget "CollectionViewaUITests" */;
			buildPhases = (
				F3791F8B2AF3115B00B83B10 /* Sources */,
				F3791F8C2AF3115B00B83B10 /* Frameworks */,
				F3791F8D2AF3115B00B83B10 /* Resources */,
			);
			buildRules = (
			);
			dependencies = (
				F3791F912AF3115B00B83B10 /* PBXTargetDependency */,
			);
			name = CollectionViewaUITests;
			productName = CollectionViewaUITests;
			productReference = F3791F8F2AF3115B00B83B10 /* CollectionViewaUITests.xctest */;
			productType = "com.apple.product-type.bundle.ui-testing";
		};
/* End PBXNativeTarget section */

/* Begin PBXProject section */
		F3791F672AF3115800B83B10 /* Project object */ = {
			isa = PBXProject;
			attributes = {
				BuildIndependentTargetsInParallel = 1;
				LastSwiftUpdateCheck = 1420;
				LastUpgradeCheck = 1420;
				TargetAttributes = {
					F3791F6E2AF3115800B83B10 = {
						CreatedOnToolsVersion = 14.2;
					};
					F3791F842AF3115B00B83B10 = {
						CreatedOnToolsVersion = 14.2;
						TestTargetID = F3791F6E2AF3115800B83B10;
					};
					F3791F8E2AF3115B00B83B10 = {
						CreatedOnToolsVersion = 14.2;
						TestTargetID = F3791F6E2AF3115800B83B10;
					};
				};
			};
			buildConfigurationList = F3791F6A2AF3115800B83B10 /* Build configuration list for PBXProject "CollectionViewa" */;
			compatibilityVersion = "Xcode 14.0";
			developmentRegion = en;
			hasScannedForEncodings = 0;
			knownRegions = (
				en,
				Base,
			);
			mainGroup = F3791F662AF3115800B83B10;
			productRefGroup = F3791F702AF3115800B83B10 /* Products */;
			projectDirPath = "";
			projectRoot = "";
			targets = (
				F3791F6E2AF3115800B83B10 /* CollectionViewa */,
				F3791F842AF3115B00B83B10 /* CollectionViewaTests */,
				F3791F8E2AF3115B00B83B10 /* CollectionViewaUITests */,
			);
		};
/* End PBXProject section */

/* Begin PBXResourcesBuildPhase section */
		F3791F6D2AF3115800B83B10 /* Resources */ = {
			isa = PBXResourcesBuildPhase;
			buildActionMask = 2147483647;
			files = (
				F3791F7F2AF3115A00B83B10 /* LaunchScreen.storyboard in Resources */,
				F3791F7C2AF3115A00B83B10 /* Assets.xcassets in Resources */,
				F34B6A9A2AF57F0F003D7E9D /* MovieCollectionViewCell.xib in Resources */,
				F3791F7A2AF3115800B83B10 /* Main.storyboard in Resources */,
			);
			runOnlyForDeploymentPostprocessing = 0;
		};
		F3791F832AF3115B00B83B10 /* Resources */ = {
			isa = PBXResourcesBuildPhase;
			buildActionMask = 2147483647;
			files = (
			);
			runOnlyForDeploymentPostprocessing = 0;
		};
		F3791F8D2AF3115B00B83B10 /* Resources */ = {
			isa = PBXResourcesBuildPhase;
			buildActionMask = 2147483647;
			files = (
			);
			runOnlyForDeploymentPostprocessing = 0;
		};
/* End PBXResourcesBuildPhase section */

/* Begin PBXSourcesBuildPhase section */
		F3791F6B2AF3115800B83B10 /* Sources */ = {
			isa = PBXSourcesBuildPhase;
			buildActionMask = 2147483647;
			files = (
				F3791FA92AF3127000B83B10 /* UIView+App.swift in Sources */,
				F3791F772AF3115800B83B10 /* ViewController.swift in Sources */,
				F3791F732AF3115800B83B10 /* AppDelegate.swift in Sources */,
				F3791FA62AF3124600B83B10 /* Movie.swift in Sources */,
				F34B6A9E2AF9B409003D7E9D /* MovieTableViewCell.swift in Sources */,
				F3791F752AF3115800B83B10 /* SceneDelegate.swift in Sources */,
				F34B6A9C2AF9B2B2003D7E9D /* TableViewAndCollectionView_ViewController.swift in Sources */,
			);
			runOnlyForDeploymentPostprocessing = 0;
		};
		F3791F812AF3115B00B83B10 /* Sources */ = {
			isa = PBXSourcesBuildPhase;
			buildActionMask = 2147483647;
			files = (
				F3791F8A2AF3115B00B83B10 /* CollectionViewaTests.swift in Sources */,
			);
			runOnlyForDeploymentPostprocessing = 0;
		};
		F3791F8B2AF3115B00B83B10 /* Sources */ = {
			isa = PBXSourcesBuildPhase;
			buildActionMask = 2147483647;
			files = (
				F3791F942AF3115B00B83B10 /* CollectionViewaUITests.swift in Sources */,
				F3791F962AF3115B00B83B10 /* CollectionViewaUITestsLaunchTests.swift in Sources */,
			);
			runOnlyForDeploymentPostprocessing = 0;
		};
/* End PBXSourcesBuildPhase section */

/* Begin PBXTargetDependency section */
		F3791F872AF3115B00B83B10 /* PBXTargetDependency */ = {
			isa = PBXTargetDependency;
			target = F3791F6E2AF3115800B83B10 /* CollectionViewa */;
			targetProxy = F3791F862AF3115B00B83B10 /* PBXContainerItemProxy */;
		};
		F3791F912AF3115B00B83B10 /* PBXTargetDependency */ = {
			isa = PBXTargetDependency;
			target = F3791F6E2AF3115800B83B10 /* CollectionViewa */;
			targetProxy = F3791F902AF3115B00B83B10 /* PBXContainerItemProxy */;
		};
/* End PBXTargetDependency section */

/* Begin PBXVariantGroup section */
		F3791F782AF3115800B83B10 /* Main.storyboard */ = {
			isa = PBXVariantGroup;
			children = (
				F3791F792AF3115800B83B10 /* Base */,
			);
			name = Main.storyboard;
			sourceTree = "<group>";
		};
		F3791F7D2AF3115A00B83B10 /* LaunchScreen.storyboard */ = {
			isa = PBXVariantGroup;
			children = (
				F3791F7E2AF3115A00B83B10 /* Base */,
			);
			name = LaunchScreen.storyboard;
			sourceTree = "<group>";
		};
/* End PBXVariantGroup section */

/* Begin XCBuildConfiguration section */
		F3791F972AF3115B00B83B10 /* Debug */ = {
			isa = XCBuildConfiguration;
			buildSettings = {
				ALWAYS_SEARCH_USER_PATHS = NO;
				CLANG_ANALYZER_NONNULL = YES;
				CLANG_ANALYZER_NUMBER_OBJECT_CONVERSION = YES_AGGRESSIVE;
				CLANG_CXX_LANGUAGE_STANDARD = "gnu++20";
				CLANG_ENABLE_MODULES = YES;
				CLANG_ENABLE_OBJC_ARC = YES;
				CLANG_ENABLE_OBJC_WEAK = YES;
				CLANG_WARN_BLOCK_CAPTURE_AUTORELEASING = YES;
				CLANG_WARN_BOOL_CONVERSION = YES;
				CLANG_WARN_COMMA = YES;
				CLANG_WARN_CONSTANT_CONVERSION = YES;
				CLANG_WARN_DEPRECATED_OBJC_IMPLEMENTATIONS = YES;
				CLANG_WARN_DIRECT_OBJC_ISA_USAGE = YES_ERROR;
				CLANG_WARN_DOCUMENTATION_COMMENTS = YES;
				CLANG_WARN_EMPTY_BODY = YES;
				CLANG_WARN_ENUM_CONVERSION = YES;
				CLANG_WARN_INFINITE_RECURSION = YES;
				CLANG_WARN_INT_CONVERSION = YES;
				CLANG_WARN_NON_LITERAL_NULL_CONVERSION = YES;
				CLANG_WARN_OBJC_IMPLICIT_RETAIN_SELF = YES;
				CLANG_WARN_OBJC_LITERAL_CONVERSION = YES;
				CLANG_WARN_OBJC_ROOT_CLASS = YES_ERROR;
				CLANG_WARN_QUOTED_INCLUDE_IN_FRAMEWORK_HEADER = YES;
				CLANG_WARN_RANGE_LOOP_ANALYSIS = YES;
				CLANG_WARN_STRICT_PROTOTYPES = YES;
				CLANG_WARN_SUSPICIOUS_MOVE = YES;
				CLANG_WARN_UNGUARDED_AVAILABILITY = YES_AGGRESSIVE;
				CLANG_WARN_UNREACHABLE_CODE = YES;
				CLANG_WARN__DUPLICATE_METHOD_MATCH = YES;
				COPY_PHASE_STRIP = NO;
				DEBUG_INFORMATION_FORMAT = dwarf;
				ENABLE_STRICT_OBJC_MSGSEND = YES;
				ENABLE_TESTABILITY = YES;
				GCC_C_LANGUAGE_STANDARD = gnu11;
				GCC_DYNAMIC_NO_PIC = NO;
				GCC_NO_COMMON_BLOCKS = YES;
				GCC_OPTIMIZATION_LEVEL = 0;
				GCC_PREPROCESSOR_DEFINITIONS = (
					"DEBUG=1",
					"$(inherited)",
				);
				GCC_WARN_64_TO_32_BIT_CONVERSION = YES;
				GCC_WARN_ABOUT_RETURN_TYPE = YES_ERROR;
				GCC_WARN_UNDECLARED_SELECTOR = YES;
				GCC_WARN_UNINITIALIZED_AUTOS = YES_AGGRESSIVE;
				GCC_WARN_UNUSED_FUNCTION = YES;
				GCC_WARN_UNUSED_VARIABLE = YES;
				IPHONEOS_DEPLOYMENT_TARGET = 16.2;
				MTL_ENABLE_DEBUG_INFO = INCLUDE_SOURCE;
				MTL_FAST_MATH = YES;
				ONLY_ACTIVE_ARCH = YES;
				SDKROOT = iphoneos;
				SWIFT_ACTIVE_COMPILATION_CONDITIONS = DEBUG;
				SWIFT_OPTIMIZATION_LEVEL = "-Onone";
			};
			name = Debug;
		};
		F3791F982AF3115B00B83B10 /* Release */ = {
			isa = XCBuildConfiguration;
			buildSettings = {
				ALWAYS_SEARCH_USER_PATHS = NO;
				CLANG_ANALYZER_NONNULL = YES;
				CLANG_ANALYZER_NUMBER_OBJECT_CONVERSION = YES_AGGRESSIVE;
				CLANG_CXX_LANGUAGE_STANDARD = "gnu++20";
				CLANG_ENABLE_MODULES = YES;
				CLANG_ENABLE_OBJC_ARC = YES;
				CLANG_ENABLE_OBJC_WEAK = YES;
				CLANG_WARN_BLOCK_CAPTURE_AUTORELEASING = YES;
				CLANG_WARN_BOOL_CONVERSION = YES;
				CLANG_WARN_COMMA = YES;
				CLANG_WARN_CONSTANT_CONVERSION = YES;
				CLANG_WARN_DEPRECATED_OBJC_IMPLEMENTATIONS = YES;
				CLANG_WARN_DIRECT_OBJC_ISA_USAGE = YES_ERROR;
				CLANG_WARN_DOCUMENTATION_COMMENTS = YES;
				CLANG_WARN_EMPTY_BODY = YES;
				CLANG_WARN_ENUM_CONVERSION = YES;
				CLANG_WARN_INFINITE_RECURSION = YES;
				CLANG_WARN_INT_CONVERSION = YES;
				CLANG_WARN_NON_LITERAL_NULL_CONVERSION = YES;
				CLANG_WARN_OBJC_IMPLICIT_RETAIN_SELF = YES;
				CLANG_WARN_OBJC_LITERAL_CONVERSION = YES;
				CLANG_WARN_OBJC_ROOT_CLASS = YES_ERROR;
				CLANG_WARN_QUOTED_INCLUDE_IN_FRAMEWORK_HEADER = YES;
				CLANG_WARN_RANGE_LOOP_ANALYSIS = YES;
				CLANG_WARN_STRICT_PROTOTYPES = YES;
				CLANG_WARN_SUSPICIOUS_MOVE = YES;
				CLANG_WARN_UNGUARDED_AVAILABILITY = YES_AGGRESSIVE;
				CLANG_WARN_UNREACHABLE_CODE = YES;
				CLANG_WARN__DUPLICATE_METHOD_MATCH = YES;
				COPY_PHASE_STRIP = NO;
				DEBUG_INFORMATION_FORMAT = "dwarf-with-dsym";
				ENABLE_NS_ASSERTIONS = NO;
				ENABLE_STRICT_OBJC_MSGSEND = YES;
				GCC_C_LANGUAGE_STANDARD = gnu11;
				GCC_NO_COMMON_BLOCKS = YES;
				GCC_WARN_64_TO_32_BIT_CONVERSION = YES;
				GCC_WARN_ABOUT_RETURN_TYPE = YES_ERROR;
				GCC_WARN_UNDECLARED_SELECTOR = YES;
				GCC_WARN_UNINITIALIZED_AUTOS = YES_AGGRESSIVE;
				GCC_WARN_UNUSED_FUNCTION = YES;
				GCC_WARN_UNUSED_VARIABLE = YES;
				IPHONEOS_DEPLOYMENT_TARGET = 16.2;
				MTL_ENABLE_DEBUG_INFO = NO;
				MTL_FAST_MATH = YES;
				SDKROOT = iphoneos;
				SWIFT_COMPILATION_MODE = wholemodule;
				SWIFT_OPTIMIZATION_LEVEL = "-O";
				VALIDATE_PRODUCT = YES;
			};
			name = Release;
		};
		F3791F9A2AF3115B00B83B10 /* Debug */ = {
			isa = XCBuildConfiguration;
			buildSettings = {
				ASSETCATALOG_COMPILER_APPICON_NAME = AppIcon;
				ASSETCATALOG_COMPILER_GLOBAL_ACCENT_COLOR_NAME = AccentColor;
				CODE_SIGN_STYLE = Automatic;
				CURRENT_PROJECT_VERSION = 1;
				GENERATE_INFOPLIST_FILE = YES;
				INFOPLIST_FILE = CollectionViewa/Info.plist;
				INFOPLIST_KEY_UIApplicationSupportsIndirectInputEvents = YES;
				INFOPLIST_KEY_UILaunchStoryboardName = LaunchScreen;
				INFOPLIST_KEY_UIMainStoryboardFile = Main;
				INFOPLIST_KEY_UISupportedInterfaceOrientations_iPad = "UIInterfaceOrientationPortrait UIInterfaceOrientationPortraitUpsideDown UIInterfaceOrientationLandscapeLeft UIInterfaceOrientationLandscapeRight";
				INFOPLIST_KEY_UISupportedInterfaceOrientations_iPhone = "UIInterfaceOrientationPortrait UIInterfaceOrientationLandscapeLeft UIInterfaceOrientationLandscapeRight";
				LD_RUNPATH_SEARCH_PATHS = (
					"$(inherited)",
					"@executable_path/Frameworks",
				);
				MARKETING_VERSION = 1.0;
				PRODUCT_BUNDLE_IDENTIFIER = com.miguel.CollectionViewa;
				PRODUCT_NAME = "$(TARGET_NAME)";
				SWIFT_EMIT_LOC_STRINGS = YES;
				SWIFT_VERSION = 5.0;
				TARGETED_DEVICE_FAMILY = "1,2";
			};
			name = Debug;
		};
		F3791F9B2AF3115B00B83B10 /* Release */ = {
			isa = XCBuildConfiguration;
			buildSettings = {
				ASSETCATALOG_COMPILER_APPICON_NAME = AppIcon;
				ASSETCATALOG_COMPILER_GLOBAL_ACCENT_COLOR_NAME = AccentColor;
				CODE_SIGN_STYLE = Automatic;
				CURRENT_PROJECT_VERSION = 1;
				GENERATE_INFOPLIST_FILE = YES;
				INFOPLIST_FILE = CollectionViewa/Info.plist;
				INFOPLIST_KEY_UIApplicationSupportsIndirectInputEvents = YES;
				INFOPLIST_KEY_UILaunchStoryboardName = LaunchScreen;
				INFOPLIST_KEY_UIMainStoryboardFile = Main;
				INFOPLIST_KEY_UISupportedInterfaceOrientations_iPad = "UIInterfaceOrientationPortrait UIInterfaceOrientationPortraitUpsideDown UIInterfaceOrientationLandscapeLeft UIInterfaceOrientationLandscapeRight";
				INFOPLIST_KEY_UISupportedInterfaceOrientations_iPhone = "UIInterfaceOrientationPortrait UIInterfaceOrientationLandscapeLeft UIInterfaceOrientationLandscapeRight";
				LD_RUNPATH_SEARCH_PATHS = (
					"$(inherited)",
					"@executable_path/Frameworks",
				);
				MARKETING_VERSION = 1.0;
				PRODUCT_BUNDLE_IDENTIFIER = com.miguel.CollectionViewa;
				PRODUCT_NAME = "$(TARGET_NAME)";
				SWIFT_EMIT_LOC_STRINGS = YES;
				SWIFT_VERSION = 5.0;
				TARGETED_DEVICE_FAMILY = "1,2";
			};
			name = Release;
		};
		F3791F9D2AF3115B00B83B10 /* Debug */ = {
			isa = XCBuildConfiguration;
			buildSettings = {
				ALWAYS_EMBED_SWIFT_STANDARD_LIBRARIES = YES;
				BUNDLE_LOADER = "$(TEST_HOST)";
				CODE_SIGN_STYLE = Automatic;
				CURRENT_PROJECT_VERSION = 1;
				GENERATE_INFOPLIST_FILE = YES;
				IPHONEOS_DEPLOYMENT_TARGET = 16.2;
				MARKETING_VERSION = 1.0;
				PRODUCT_BUNDLE_IDENTIFIER = com.miguel.CollectionViewaTests;
				PRODUCT_NAME = "$(TARGET_NAME)";
				SWIFT_EMIT_LOC_STRINGS = NO;
				SWIFT_VERSION = 5.0;
				TARGETED_DEVICE_FAMILY = "1,2";
				TEST_HOST = "$(BUILT_PRODUCTS_DIR)/CollectionViewa.app/$(BUNDLE_EXECUTABLE_FOLDER_PATH)/CollectionViewa";
			};
			name = Debug;
		};
		F3791F9E2AF3115B00B83B10 /* Release */ = {
			isa = XCBuildConfiguration;
			buildSettings = {
				ALWAYS_EMBED_SWIFT_STANDARD_LIBRARIES = YES;
				BUNDLE_LOADER = "$(TEST_HOST)";
				CODE_SIGN_STYLE = Automatic;
				CURRENT_PROJECT_VERSION = 1;
				GENERATE_INFOPLIST_FILE = YES;
				IPHONEOS_DEPLOYMENT_TARGET = 16.2;
				MARKETING_VERSION = 1.0;
				PRODUCT_BUNDLE_IDENTIFIER = com.miguel.CollectionViewaTests;
				PRODUCT_NAME = "$(TARGET_NAME)";
				SWIFT_EMIT_LOC_STRINGS = NO;
				SWIFT_VERSION = 5.0;
				TARGETED_DEVICE_FAMILY = "1,2";
				TEST_HOST = "$(BUILT_PRODUCTS_DIR)/CollectionViewa.app/$(BUNDLE_EXECUTABLE_FOLDER_PATH)/CollectionViewa";
			};
			name = Release;
		};
		F3791FA02AF3115B00B83B10 /* Debug */ = {
			isa = XCBuildConfiguration;
			buildSettings = {
				ALWAYS_EMBED_SWIFT_STANDARD_LIBRARIES = YES;
				CODE_SIGN_STYLE = Automatic;
				CURRENT_PROJECT_VERSION = 1;
				GENERATE_INFOPLIST_FILE = YES;
				MARKETING_VERSION = 1.0;
				PRODUCT_BUNDLE_IDENTIFIER = com.miguel.CollectionViewaUITests;
				PRODUCT_NAME = "$(TARGET_NAME)";
				SWIFT_EMIT_LOC_STRINGS = NO;
				SWIFT_VERSION = 5.0;
				TARGETED_DEVICE_FAMILY = "1,2";
				TEST_TARGET_NAME = CollectionViewa;
			};
			name = Debug;
		};
		F3791FA12AF3115B00B83B10 /* Release */ = {
			isa = XCBuildConfiguration;
			buildSettings = {
				ALWAYS_EMBED_SWIFT_STANDARD_LIBRARIES = YES;
				CODE_SIGN_STYLE = Automatic;
				CURRENT_PROJECT_VERSION = 1;
				GENERATE_INFOPLIST_FILE = YES;
				MARKETING_VERSION = 1.0;
				PRODUCT_BUNDLE_IDENTIFIER = com.miguel.CollectionViewaUITests;
				PRODUCT_NAME = "$(TARGET_NAME)";
				SWIFT_EMIT_LOC_STRINGS = NO;
				SWIFT_VERSION = 5.0;
				TARGETED_DEVICE_FAMILY = "1,2";
				TEST_TARGET_NAME = CollectionViewa;
			};
			name = Release;
		};
/* End XCBuildConfiguration section */

/* Begin XCConfigurationList section */
		F3791F6A2AF3115800B83B10 /* Build configuration list for PBXProject "CollectionViewa" */ = {
			isa = XCConfigurationList;
			buildConfigurations = (
				F3791F972AF3115B00B83B10 /* Debug */,
				F3791F982AF3115B00B83B10 /* Release */,
			);
			defaultConfigurationIsVisible = 0;
			defaultConfigurationName = Release;
		};
		F3791F992AF3115B00B83B10 /* Build configuration list for PBXNativeTarget "CollectionViewa" */ = {
			isa = XCConfigurationList;
			buildConfigurations = (
				F3791F9A2AF3115B00B83B10 /* Debug */,
				F3791F9B2AF3115B00B83B10 /* Release */,
			);
			defaultConfigurationIsVisible = 0;
			defaultConfigurationName = Release;
		};
		F3791F9C2AF3115B00B83B10 /* Build configuration list for PBXNativeTarget "CollectionViewaTests" */ = {
			isa = XCConfigurationList;
			buildConfigurations = (
				F3791F9D2AF3115B00B83B10 /* Debug */,
				F3791F9E2AF3115B00B83B10 /* Release */,
			);
			defaultConfigurationIsVisible = 0;
			defaultConfigurationName = Release;
		};
		F3791F9F2AF3115B00B83B10 /* Build configuration list for PBXNativeTarget "CollectionViewaUITests" */ = {
			isa = XCConfigurationList;
			buildConfigurations = (
				F3791FA02AF3115B00B83B10 /* Debug */,
				F3791FA12AF3115B00B83B10 /* Release */,
			);
			defaultConfigurationIsVisible = 0;
			defaultConfigurationName = Release;
		};
/* End XCConfigurationList section */
	};
	rootObject = F3791F672AF3115800B83B10 /* Project object */;
}
